
Microsoft Visual Studio Solution File, Format Version 12.00
# Visual Studio 2012
Project("{FAE04EC0-301F-11D3-BF4B-00C04F79EFBC}") = "Epicor-Integration", "EpicorIntegration\Epicor-Integration.csproj", "{E20EDB1A-3F4D-4F23-AC1A-F67D8CA4CCAA}"
EndProject
Project("{FAE04EC0-301F-11D3-BF4B-00C04F79EFBC}") = "EPDMDebugApp", "EPDMDebugApp\EPDMDebugApp.csproj", "{779F7804-3B9A-4E4B-865E-8B8C67735D7C}"
EndProject
Project("{FAE04EC0-301F-11D3-BF4B-00C04F79EFBC}") = "SolidworksAddin-EpicorIntegration", "SolidworksAddin-EpicorIntegration\SolidworksAddin-EpicorIntegration.csproj", "{7ACEDAA9-2DE8-4485-837A-E7D58812A6DC}"
EndProject
Project("{FAE04EC0-301F-11D3-BF4B-00C04F79EFBC}") = "VaultExplorerControl", "VaultExplorerControl\VaultExplorerControl.csproj", "{3CEAD42E-408C-44EF-A1AF-7ADB38C441BE}"
EndProject
Project("{FAE04EC0-301F-11D3-BF4B-00C04F79EFBC}") = "EPDMAddin-EpicorIntegration", "EPDMAddin-EpicorIntegration\EPDMAddin-EpicorIntegration.csproj", "{5725485A-A021-48B8-AD5A-08DFF45F65A2}"
EndProject
Project("{FAE04EC0-301F-11D3-BF4B-00C04F79EFBC}") = "JobStatusByPlanner", "JobStatusByPlanner\JobStatusByPlanner.csproj", "{4FAC74F1-9D71-4215-9B15-DAA866146414}"
EndProject
Project("{FAE04EC0-301F-11D3-BF4B-00C04F79EFBC}") = "TableAdapterHelper", "..\TableAdapterHelper\TableAdapterHelper\TableAdapterHelper\TableAdapterHelper.csproj", "{53BAC01A-B21D-4B85-8746-99F84ADF29B6}"
EndProject
Project("{FAE04EC0-301F-11D3-BF4B-00C04F79EFBC}") = "ECO_Helper", "ECO_Helper\ECO_Helper.csproj", "{93191880-4B98-4C03-9CAE-4B9F450CA5C0}"
EndProject
Project("{6141683F-8A12-4E36-9623-2EB02B2C2303}") = "ECO_Helper_Setup", "ECO_Helper_Setup\ECO_Helper_Setup.isproj", "{B8ECECEF-24D7-4B1E-8B40-9F38CF885B80}"
	ProjectSection(ProjectDependencies) = postProject
		{53BAC01A-B21D-4B85-8746-99F84ADF29B6} = {53BAC01A-B21D-4B85-8746-99F84ADF29B6}
		{E20EDB1A-3F4D-4F23-AC1A-F67D8CA4CCAA} = {E20EDB1A-3F4D-4F23-AC1A-F67D8CA4CCAA}
		{93191880-4B98-4C03-9CAE-4B9F450CA5C0} = {93191880-4B98-4C03-9CAE-4B9F450CA5C0}
	EndProjectSection
EndProject
Global
	GlobalSection(SolutionConfigurationPlatforms) = preSolution
		CD_ROM|Any CPU = CD_ROM|Any CPU
		Debug|Any CPU = Debug|Any CPU
		DVD-5|Any CPU = DVD-5|Any CPU
		Release|Any CPU = Release|Any CPU
		SingleImage|Any CPU = SingleImage|Any CPU
	EndGlobalSection
	GlobalSection(ProjectConfigurationPlatforms) = postSolution
		{E20EDB1A-3F4D-4F23-AC1A-F67D8CA4CCAA}.CD_ROM|Any CPU.ActiveCfg = Release|Any CPU
		{E20EDB1A-3F4D-4F23-AC1A-F67D8CA4CCAA}.CD_ROM|Any CPU.Build.0 = Release|Any CPU
		{E20EDB1A-3F4D-4F23-AC1A-F67D8CA4CCAA}.Debug|Any CPU.ActiveCfg = Debug|Any CPU
		{E20EDB1A-3F4D-4F23-AC1A-F67D8CA4CCAA}.Debug|Any CPU.Build.0 = Debug|Any CPU
		{E20EDB1A-3F4D-4F23-AC1A-F67D8CA4CCAA}.DVD-5|Any CPU.ActiveCfg = Debug|Any CPU
		{E20EDB1A-3F4D-4F23-AC1A-F67D8CA4CCAA}.DVD-5|Any CPU.Build.0 = Debug|Any CPU
		{E20EDB1A-3F4D-4F23-AC1A-F67D8CA4CCAA}.Release|Any CPU.ActiveCfg = Release|Any CPU
		{E20EDB1A-3F4D-4F23-AC1A-F67D8CA4CCAA}.Release|Any CPU.Build.0 = Release|Any CPU
		{E20EDB1A-3F4D-4F23-AC1A-F67D8CA4CCAA}.SingleImage|Any CPU.ActiveCfg = Release|Any CPU
		{E20EDB1A-3F4D-4F23-AC1A-F67D8CA4CCAA}.SingleImage|Any CPU.Build.0 = Release|Any CPU
		{779F7804-3B9A-4E4B-865E-8B8C67735D7C}.CD_ROM|Any CPU.ActiveCfg = Release|Any CPU
		{779F7804-3B9A-4E4B-865E-8B8C67735D7C}.CD_ROM|Any CPU.Build.0 = Release|Any CPU
		{779F7804-3B9A-4E4B-865E-8B8C67735D7C}.Debug|Any CPU.ActiveCfg = Debug|Any CPU
		{779F7804-3B9A-4E4B-865E-8B8C67735D7C}.Debug|Any CPU.Build.0 = Debug|Any CPU
		{779F7804-3B9A-4E4B-865E-8B8C67735D7C}.DVD-5|Any CPU.ActiveCfg = Debug|Any CPU
		{779F7804-3B9A-4E4B-865E-8B8C67735D7C}.DVD-5|Any CPU.Build.0 = Debug|Any CPU
		{779F7804-3B9A-4E4B-865E-8B8C67735D7C}.Release|Any CPU.ActiveCfg = Release|Any CPU
		{779F7804-3B9A-4E4B-865E-8B8C67735D7C}.Release|Any CPU.Build.0 = Release|Any CPU
		{779F7804-3B9A-4E4B-865E-8B8C67735D7C}.SingleImage|Any CPU.ActiveCfg = Release|Any CPU
		{779F7804-3B9A-4E4B-865E-8B8C67735D7C}.SingleImage|Any CPU.Build.0 = Release|Any CPU
		{7ACEDAA9-2DE8-4485-837A-E7D58812A6DC}.CD_ROM|Any CPU.ActiveCfg = Release|Any CPU
		{7ACEDAA9-2DE8-4485-837A-E7D58812A6DC}.CD_ROM|Any CPU.Build.0 = Release|Any CPU
		{7ACEDAA9-2DE8-4485-837A-E7D58812A6DC}.Debug|Any CPU.ActiveCfg = Debug|Any CPU
		{7ACEDAA9-2DE8-4485-837A-E7D58812A6DC}.Debug|Any CPU.Build.0 = Debug|Any CPU
		{7ACEDAA9-2DE8-4485-837A-E7D58812A6DC}.DVD-5|Any CPU.ActiveCfg = Debug|Any CPU
		{7ACEDAA9-2DE8-4485-837A-E7D58812A6DC}.DVD-5|Any CPU.Build.0 = Debug|Any CPU
		{7ACEDAA9-2DE8-4485-837A-E7D58812A6DC}.Release|Any CPU.ActiveCfg = Release|Any CPU
		{7ACEDAA9-2DE8-4485-837A-E7D58812A6DC}.Release|Any CPU.Build.0 = Release|Any CPU
		{7ACEDAA9-2DE8-4485-837A-E7D58812A6DC}.SingleImage|Any CPU.ActiveCfg = Release|Any CPU
		{7ACEDAA9-2DE8-4485-837A-E7D58812A6DC}.SingleImage|Any CPU.Build.0 = Release|Any CPU
		{3CEAD42E-408C-44EF-A1AF-7ADB38C441BE}.CD_ROM|Any CPU.ActiveCfg = Release|Any CPU
		{3CEAD42E-408C-44EF-A1AF-7ADB38C441BE}.CD_ROM|Any CPU.Build.0 = Release|Any CPU
		{3CEAD42E-408C-44EF-A1AF-7ADB38C441BE}.Debug|Any CPU.ActiveCfg = Debug|Any CPU
		{3CEAD42E-408C-44EF-A1AF-7ADB38C441BE}.Debug|Any CPU.Build.0 = Debug|Any CPU
		{3CEAD42E-408C-44EF-A1AF-7ADB38C441BE}.DVD-5|Any CPU.ActiveCfg = Debug|Any CPU
		{3CEAD42E-408C-44EF-A1AF-7ADB38C441BE}.DVD-5|Any CPU.Build.0 = Debug|Any CPU
		{3CEAD42E-408C-44EF-A1AF-7ADB38C441BE}.Release|Any CPU.ActiveCfg = Release|Any CPU
		{3CEAD42E-408C-44EF-A1AF-7ADB38C441BE}.Release|Any CPU.Build.0 = Release|Any CPU
		{3CEAD42E-408C-44EF-A1AF-7ADB38C441BE}.SingleImage|Any CPU.ActiveCfg = Release|Any CPU
		{3CEAD42E-408C-44EF-A1AF-7ADB38C441BE}.SingleImage|Any CPU.Build.0 = Release|Any CPU
		{5725485A-A021-48B8-AD5A-08DFF45F65A2}.CD_ROM|Any CPU.ActiveCfg = Release|Any CPU
		{5725485A-A021-48B8-AD5A-08DFF45F65A2}.CD_ROM|Any CPU.Build.0 = Release|Any CPU
		{5725485A-A021-48B8-AD5A-08DFF45F65A2}.Debug|Any CPU.ActiveCfg = Debug|Any CPU
		{5725485A-A021-48B8-AD5A-08DFF45F65A2}.Debug|Any CPU.Build.0 = Debug|Any CPU
		{5725485A-A021-48B8-AD5A-08DFF45F65A2}.DVD-5|Any CPU.ActiveCfg = Debug|Any CPU
		{5725485A-A021-48B8-AD5A-08DFF45F65A2}.DVD-5|Any CPU.Build.0 = Debug|Any CPU
		{5725485A-A021-48B8-AD5A-08DFF45F65A2}.Release|Any CPU.ActiveCfg = Release|Any CPU
		{5725485A-A021-48B8-AD5A-08DFF45F65A2}.Release|Any CPU.Build.0 = Release|Any CPU
		{5725485A-A021-48B8-AD5A-08DFF45F65A2}.SingleImage|Any CPU.ActiveCfg = Release|Any CPU
		{5725485A-A021-48B8-AD5A-08DFF45F65A2}.SingleImage|Any CPU.Build.0 = Release|Any CPU
		{4FAC74F1-9D71-4215-9B15-DAA866146414}.CD_ROM|Any CPU.ActiveCfg = Release|Any CPU
		{4FAC74F1-9D71-4215-9B15-DAA866146414}.CD_ROM|Any CPU.Build.0 = Release|Any CPU
		{4FAC74F1-9D71-4215-9B15-DAA866146414}.Debug|Any CPU.ActiveCfg = Debug|Any CPU
		{4FAC74F1-9D71-4215-9B15-DAA866146414}.Debug|Any CPU.Build.0 = Debug|Any CPU
		{4FAC74F1-9D71-4215-9B15-DAA866146414}.DVD-5|Any CPU.ActiveCfg = Debug|Any CPU
		{4FAC74F1-9D71-4215-9B15-DAA866146414}.DVD-5|Any CPU.Build.0 = Debug|Any CPU
		{4FAC74F1-9D71-4215-9B15-DAA866146414}.Release|Any CPU.ActiveCfg = Release|Any CPU
		{4FAC74F1-9D71-4215-9B15-DAA866146414}.Release|Any CPU.Build.0 = Release|Any CPU
		{4FAC74F1-9D71-4215-9B15-DAA866146414}.SingleImage|Any CPU.ActiveCfg = Release|Any CPU
		{4FAC74F1-9D71-4215-9B15-DAA866146414}.SingleImage|Any CPU.Build.0 = Release|Any CPU
		{53BAC01A-B21D-4B85-8746-99F84ADF29B6}.CD_ROM|Any CPU.ActiveCfg = Release|Any CPU
		{53BAC01A-B21D-4B85-8746-99F84ADF29B6}.CD_ROM|Any CPU.Build.0 = Release|Any CPU
		{53BAC01A-B21D-4B85-8746-99F84ADF29B6}.Debug|Any CPU.ActiveCfg = Debug|Any CPU
		{53BAC01A-B21D-4B85-8746-99F84ADF29B6}.Debug|Any CPU.Build.0 = Debug|Any CPU
		{53BAC01A-B21D-4B85-8746-99F84ADF29B6}.DVD-5|Any CPU.ActiveCfg = Debug|Any CPU
		{53BAC01A-B21D-4B85-8746-99F84ADF29B6}.DVD-5|Any CPU.Build.0 = Debug|Any CPU
		{53BAC01A-B21D-4B85-8746-99F84ADF29B6}.Release|Any CPU.ActiveCfg = Release|Any CPU
		{53BAC01A-B21D-4B85-8746-99F84ADF29B6}.Release|Any CPU.Build.0 = Release|Any CPU
		{53BAC01A-B21D-4B85-8746-99F84ADF29B6}.SingleImage|Any CPU.ActiveCfg = Release|Any CPU
		{53BAC01A-B21D-4B85-8746-99F84ADF29B6}.SingleImage|Any CPU.Build.0 = Release|Any CPU
		{93191880-4B98-4C03-9CAE-4B9F450CA5C0}.CD_ROM|Any CPU.ActiveCfg = Release|Any CPU
		{93191880-4B98-4C03-9CAE-4B9F450CA5C0}.CD_ROM|Any CPU.Build.0 = Release|Any CPU
		{93191880-4B98-4C03-9CAE-4B9F450CA5C0}.Debug|Any CPU.ActiveCfg = Debug|Any CPU
		{93191880-4B98-4C03-9CAE-4B9F450CA5C0}.Debug|Any CPU.Build.0 = Debug|Any CPU
		{93191880-4B98-4C03-9CAE-4B9F450CA5C0}.DVD-5|Any CPU.ActiveCfg = Debug|Any CPU
		{93191880-4B98-4C03-9CAE-4B9F450CA5C0}.DVD-5|Any CPU.Build.0 = Debug|Any CPU
		{93191880-4B98-4C03-9CAE-4B9F450CA5C0}.Release|Any CPU.ActiveCfg = Release|Any CPU
		{93191880-4B98-4C03-9CAE-4B9F450CA5C0}.Release|Any CPU.Build.0 = Release|Any CPU
		{93191880-4B98-4C03-9CAE-4B9F450CA5C0}.SingleImage|Any CPU.ActiveCfg = Release|Any CPU
		{93191880-4B98-4C03-9CAE-4B9F450CA5C0}.SingleImage|Any CPU.Build.0 = Release|Any CPU
		{B8ECECEF-24D7-4B1E-8B40-9F38CF885B80}.CD_ROM|Any CPU.ActiveCfg = CD_ROM
		{B8ECECEF-24D7-4B1E-8B40-9F38CF885B80}.CD_ROM|Any CPU.Build.0 = CD_ROM
		{B8ECECEF-24D7-4B1E-8B40-9F38CF885B80}.Debug|Any CPU.ActiveCfg = DVD-5
		{B8ECECEF-24D7-4B1E-8B40-9F38CF885B80}.Debug|Any CPU.Build.0 = DVD-5
		{B8ECECEF-24D7-4B1E-8B40-9F38CF885B80}.DVD-5|Any CPU.ActiveCfg = DVD-5
		{B8ECECEF-24D7-4B1E-8B40-9F38CF885B80}.DVD-5|Any CPU.Build.0 = DVD-5
		{B8ECECEF-24D7-4B1E-8B40-9F38CF885B80}.Release|Any CPU.ActiveCfg = SingleImage
		{B8ECECEF-24D7-4B1E-8B40-9F38CF885B80}.Release|Any CPU.Build.0 = SingleImage
		{B8ECECEF-24D7-4B1E-8B40-9F38CF885B80}.SingleImage|Any CPU.ActiveCfg = SingleImage
		{B8ECECEF-24D7-4B1E-8B40-9F38CF885B80}.SingleImage|Any CPU.Build.0 = SingleImage
	EndGlobalSection
	GlobalSection(SolutionProperties) = preSolution
		HideSolutionNode = FALSE
	EndGlobalSection
	GlobalSection(Performance) = preSolution
		HasPerformanceSessions = true
	EndGlobalSection
EndGlobal
